
Microsoft Visual Studio Solution File, Format Version 12.00
# Visual Studio Version 17
VisualStudioVersion = 17.13.35818.85 d17.13
MinimumVisualStudioVersion = 10.0.40219.1
Project("{FAE04EC0-301F-11D3-BF4B-00C04F79EFBC}") = "ReservationSalles", "ReservationSalles.csproj", "{D60C55F5-B6B3-4B06-BD2C-80A6D52B162C}"
EndProject
Global
	GlobalSection(SolutionConfigurationPlatforms) = preSolution
		Debug|Any CPU = Debug|Any CPU
		Release|Any CPU = Release|Any CPU
	EndGlobalSection
	GlobalSection(ProjectConfigurationPlatforms) = postSolution
		{D60C55F5-B6B3-4B06-BD2C-80A6D52B162C}.Debug|Any CPU.ActiveCfg = Debug|Any CPU
		{D60C55F5-B6B3-4B06-BD2C-80A6D52B162C}.Debug|Any CPU.Build.0 = Debug|Any CPU
		{D60C55F5-B6B3-4B06-BD2C-80A6D52B162C}.Release|Any CPU.ActiveCfg = Release|Any CPU
		{D60C55F5-B6B3-4B06-BD2C-80A6D52B162C}.Release|Any CPU.Build.0 = Release|Any CPU
	EndGlobalSection
	GlobalSection(SolutionProperties) = preSolution
		HideSolutionNode = FALSE
	EndGlobalSection
	GlobalSection(ExtensibilityGlobals) = postSolution
		SolutionGuid = {610750DD-155B-4B68-BE1F-E25A70A500C0}
	EndGlobalSection
EndGlobal
